{
    "version": 3,
    "terraform_version": "0.11.3",
    "serial": 40,
    "lineage": "228406d7-b75e-4dc7-9b43-6fa1cabf74d1",
    "modules": [
        {
            "path": [
                "root"
            ],
            "outputs": {},
            "resources": {
                "aws_autoscaling_group.app-manraaj": {
                    "type": "aws_autoscaling_group",
                    "depends_on": [
                        "aws_elb.app-manraaj",
                        "aws_launch_configuration.app-manraaj",
                        "module.app-tier"
                    ],
                    "primary": {
                        "id": "app-manraaj",
                        "attributes": {
                            "arn": "arn:aws:autoscaling:eu-central-1:135928476890:autoScalingGroup:fb457ffb-44a6-4823-abcb-fa90c2fbe070:autoScalingGroupName/app-manraaj",
                            "availability_zones.#": "1",
                            "availability_zones.1126047633": "eu-central-1a",
                            "default_cooldown": "300",
                            "desired_capacity": "2",
                            "force_delete": "true",
                            "health_check_grace_period": "300",
                            "health_check_type": "EC2",
                            "id": "app-manraaj",
                            "launch_configuration": "app-manraaj20180301223134648000000001",
                            "load_balancers.#": "1",
                            "load_balancers.1861836324": "app-manraaj-elb",
                            "max_size": "3",
                            "metrics_granularity": "1Minute",
                            "min_size": "2",
                            "name": "app-manraaj",
                            "placement_group": "",
                            "protect_from_scale_in": "false",
                            "suspended_processes.#": "0",
                            "tag.#": "1",
                            "tag.3290474296.key": "Name",
                            "tag.3290474296.propagate_at_launch": "true",
                            "tag.3290474296.value": "manraaj-autoscale",
                            "target_group_arns.#": "0",
                            "termination_policies.#": "0",
                            "vpc_zone_identifier.#": "1",
                            "vpc_zone_identifier.3780624407": "subnet-470e762c",
                            "wait_for_capacity_timeout": "10m"
                        },
                        "meta": {
                            "e2bfb730-ecaa-11e6-8f88-34363bc7c4c0": {
                                "delete": 600000000000
                            }
                        },
                        "tainted": false
                    },
                    "deposed": [],
                    "provider": "provider.aws"
                },
                "aws_elb.app-manraaj": {
                    "type": "aws_elb",
                    "depends_on": [
                        "module.app-tier"
                    ],
                    "primary": {
                        "id": "app-manraaj-elb",
                        "attributes": {
                            "access_logs.#": "0",
                            "arn": "arn:aws:elasticloadbalancing:eu-central-1:135928476890:loadbalancer/app-manraaj-elb",
                            "availability_zones.#": "1",
                            "availability_zones.1126047633": "eu-central-1a",
                            "connection_draining": "true",
                            "connection_draining_timeout": "400",
                            "cross_zone_load_balancing": "true",
                            "dns_name": "app-manraaj-elb-802008282.eu-central-1.elb.amazonaws.com",
                            "health_check.#": "1",
                            "health_check.0.healthy_threshold": "5",
                            "health_check.0.interval": "10",
                            "health_check.0.target": "HTTP:80/",
                            "health_check.0.timeout": "5",
                            "health_check.0.unhealthy_threshold": "2",
                            "id": "app-manraaj-elb",
                            "idle_timeout": "400",
                            "instances.#": "2",
                            "instances.1103488426": "i-09f351b655070bfd3",
                            "instances.435959545": "i-00a14dc951315eada",
                            "internal": "false",
                            "listener.#": "1",
                            "listener.3057123346.instance_port": "80",
                            "listener.3057123346.instance_protocol": "http",
                            "listener.3057123346.lb_port": "80",
                            "listener.3057123346.lb_protocol": "http",
                            "listener.3057123346.ssl_certificate_id": "",
                            "name": "app-manraaj-elb",
                            "security_groups.#": "1",
                            "security_groups.1387656068": "sg-70d10c1d",
                            "source_security_group": "135928476890/app-manraaj",
                            "source_security_group_id": "sg-70d10c1d",
                            "subnets.#": "1",
                            "subnets.3780624407": "subnet-470e762c",
                            "tags.%": "1",
                            "tags.Name": "app-manraaj-terraform-elb",
                            "zone_id": "Z215JYRZR1TBD5"
                        },
                        "meta": {},
                        "tainted": false
                    },
                    "deposed": [],
                    "provider": "provider.aws"
                },
                "aws_internet_gateway.app-manraaj-igw": {
                    "type": "aws_internet_gateway",
                    "depends_on": [
                        "aws_vpc.main"
                    ],
                    "primary": {
                        "id": "igw-846604ec",
                        "attributes": {
                            "id": "igw-846604ec",
                            "tags.%": "1",
                            "tags.Name": "app-manraaj-igw",
                            "vpc_id": "vpc-d270cdb9"
                        },
                        "meta": {},
                        "tainted": false
                    },
                    "deposed": [],
                    "provider": "provider.aws"
                },
                "aws_launch_configuration.app-manraaj": {
                    "type": "aws_launch_configuration",
                    "depends_on": [
                        "data.template_file.app_init",
                        "module.app-tier"
                    ],
                    "primary": {
                        "id": "app-manraaj20180301223134648000000001",
                        "attributes": {
                            "associate_public_ip_address": "false",
                            "ebs_block_device.#": "0",
                            "ebs_optimized": "false",
                            "enable_monitoring": "true",
                            "ephemeral_block_device.#": "0",
                            "iam_instance_profile": "",
                            "id": "app-manraaj20180301223134648000000001",
                            "image_id": "ami-755f331a",
                            "instance_type": "t2.micro",
                            "key_name": "",
                            "name": "app-manraaj20180301223134648000000001",
                            "name_prefix": "app-manraaj",
                            "root_block_device.#": "0",
                            "security_groups.#": "1",
                            "security_groups.1387656068": "sg-70d10c1d",
                            "spot_price": "",
                            "user_data": "068af41b09eadd69e0e144533d9e4761a4d88c3c",
                            "vpc_classic_link_id": "",
                            "vpc_classic_link_security_groups.#": "0"
                        },
                        "meta": {},
                        "tainted": false
                    },
                    "deposed": [],
                    "provider": "provider.aws"
                },
                "aws_route_table.public-manraaj": {
                    "type": "aws_route_table",
                    "depends_on": [
                        "aws_internet_gateway.app-manraaj-igw",
                        "aws_vpc.main"
                    ],
                    "primary": {
                        "id": "rtb-8e3314e5",
                        "attributes": {
                            "id": "rtb-8e3314e5",
                            "propagating_vgws.#": "0",
                            "route.#": "1",
                            "route.3354263563.cidr_block": "0.0.0.0/0",
                            "route.3354263563.egress_only_gateway_id": "",
                            "route.3354263563.gateway_id": "igw-846604ec",
                            "route.3354263563.instance_id": "",
                            "route.3354263563.ipv6_cidr_block": "",
                            "route.3354263563.nat_gateway_id": "",
                            "route.3354263563.network_interface_id": "",
                            "route.3354263563.vpc_peering_connection_id": "",
                            "tags.%": "1",
                            "tags.Name": "public-manraaj",
                            "vpc_id": "vpc-d270cdb9"
                        },
                        "meta": {},
                        "tainted": false
                    },
                    "deposed": [],
                    "provider": "provider.aws"
                },
                "aws_vpc.main": {
                    "type": "aws_vpc",
                    "depends_on": [],
                    "primary": {
                        "id": "vpc-d270cdb9",
                        "attributes": {
                            "assign_generated_ipv6_cidr_block": "false",
                            "cidr_block": "10.5.0.0/16",
                            "default_network_acl_id": "acl-63511708",
                            "default_route_table_id": "rtb-8c3413e7",
                            "default_security_group_id": "sg-e5d60b88",
                            "dhcp_options_id": "dopt-763e381f",
                            "enable_dns_hostnames": "false",
                            "enable_dns_support": "true",
                            "id": "vpc-d270cdb9",
                            "instance_tenancy": "default",
                            "main_route_table_id": "rtb-8c3413e7",
                            "tags.%": "1",
                            "tags.Name": "VPC-Manraaj"
                        },
                        "meta": {
                            "schema_version": "1"
                        },
                        "tainted": false
                    },
                    "deposed": [],
                    "provider": "provider.aws"
                },
                "data.template_file.app_init": {
                    "type": "template_file",
                    "depends_on": [
                        "module.db-tier"
                    ],
                    "primary": {
                        "id": "40b641d9e05f6e3d526ce54fb0c3cb910e3e50056e7ec2b4d9bcdde07c4af5dc",
                        "attributes": {
                            "id": "40b641d9e05f6e3d526ce54fb0c3cb910e3e50056e7ec2b4d9bcdde07c4af5dc",
                            "rendered": "#!/bin/bash\n\ncd /home/ubuntu/app\nexport DB_HOST=mongodb://10.5.1.158:27017\nnode app.js",
                            "template": "#!/bin/bash\n\ncd /home/ubuntu/app\nexport DB_HOST=mongodb://${db_ip}:27017\nnode app.js",
                            "vars.%": "1",
                            "vars.db_ip": "10.5.1.158"
                        },
                        "meta": {},
                        "tainted": false
                    },
                    "deposed": [],
                    "provider": "provider.template"
                }
            },
            "depends_on": []
        },
        {
            "path": [
                "root",
                "app-tier"
            ],
            "outputs": {
                "id": {
                    "sensitive": false,
                    "type": "list",
                    "value": [
                        "i-09f351b655070bfd3",
                        "i-00a14dc951315eada"
                    ]
                },
                "private_ip": {
                    "sensitive": false,
                    "type": "string",
                    "value": "10.5.0.97"
                },
                "security_app": {
                    "sensitive": false,
                    "type": "string",
                    "value": "sg-70d10c1d"
                },
                "subnet": {
                    "sensitive": false,
                    "type": "string",
                    "value": "subnet-470e762c"
                },
                "subnet_cidr_block": {
                    "sensitive": false,
                    "type": "string",
                    "value": "10.5.0.0/24"
                }
            },
            "resources": {
                "aws_instance.app.0": {
                    "type": "aws_instance",
                    "depends_on": [
                        "aws_security_group.app-manraaj",
                        "aws_subnet.app-manraaj"
                    ],
                    "primary": {
                        "id": "i-09f351b655070bfd3",
                        "attributes": {
                            "ami": "ami-755f331a",
                            "associate_public_ip_address": "true",
                            "availability_zone": "eu-central-1a",
                            "disable_api_termination": "false",
                            "ebs_block_device.#": "0",
                            "ebs_optimized": "false",
                            "ephemeral_block_device.#": "0",
                            "iam_instance_profile": "",
                            "id": "i-09f351b655070bfd3",
                            "instance_state": "running",
                            "instance_type": "t2.micro",
                            "ipv6_addresses.#": "0",
                            "key_name": "",
                            "monitoring": "false",
                            "network_interface.#": "0",
                            "network_interface_id": "eni-c14a9195",
                            "placement_group": "",
                            "primary_network_interface_id": "eni-c14a9195",
                            "private_dns": "ip-10-5-0-97.eu-central-1.compute.internal",
                            "private_ip": "10.5.0.97",
                            "public_dns": "",
                            "public_ip": "18.197.64.167",
                            "root_block_device.#": "1",
                            "root_block_device.0.delete_on_termination": "true",
                            "root_block_device.0.iops": "100",
                            "root_block_device.0.volume_id": "vol-061558840aa04ba24",
                            "root_block_device.0.volume_size": "8",
                            "root_block_device.0.volume_type": "gp2",
                            "security_groups.#": "0",
                            "source_dest_check": "true",
                            "subnet_id": "subnet-470e762c",
                            "tags.%": "1",
                            "tags.Name": "app-manraaj",
                            "tenancy": "default",
                            "user_data": "068af41b09eadd69e0e144533d9e4761a4d88c3c",
                            "volume_tags.%": "0",
                            "vpc_security_group_ids.#": "1",
                            "vpc_security_group_ids.1387656068": "sg-70d10c1d"
                        },
                        "meta": {
                            "e2bfb730-ecaa-11e6-8f88-34363bc7c4c0": {
                                "create": 600000000000,
                                "delete": 1200000000000,
                                "update": 600000000000
                            },
                            "schema_version": "1"
                        },
                        "tainted": false
                    },
                    "deposed": [],
                    "provider": "provider.aws"
                },
                "aws_instance.app.1": {
                    "type": "aws_instance",
                    "depends_on": [
                        "aws_security_group.app-manraaj",
                        "aws_subnet.app-manraaj"
                    ],
                    "primary": {
                        "id": "i-00a14dc951315eada",
                        "attributes": {
                            "ami": "ami-755f331a",
                            "associate_public_ip_address": "true",
                            "availability_zone": "eu-central-1a",
                            "disable_api_termination": "false",
                            "ebs_block_device.#": "0",
                            "ebs_optimized": "false",
                            "ephemeral_block_device.#": "0",
                            "iam_instance_profile": "",
                            "id": "i-00a14dc951315eada",
                            "instance_state": "running",
                            "instance_type": "t2.micro",
                            "ipv6_addresses.#": "0",
                            "key_name": "",
                            "monitoring": "false",
                            "network_interface.#": "0",
                            "network_interface_id": "eni-274b9073",
                            "placement_group": "",
                            "primary_network_interface_id": "eni-274b9073",
                            "private_dns": "ip-10-5-0-106.eu-central-1.compute.internal",
                            "private_ip": "10.5.0.106",
                            "public_dns": "",
                            "public_ip": "18.196.65.8",
                            "root_block_device.#": "1",
                            "root_block_device.0.delete_on_termination": "true",
                            "root_block_device.0.iops": "100",
                            "root_block_device.0.volume_id": "vol-0c0926aac08e8c8cd",
                            "root_block_device.0.volume_size": "8",
                            "root_block_device.0.volume_type": "gp2",
                            "security_groups.#": "0",
                            "source_dest_check": "true",
                            "subnet_id": "subnet-470e762c",
                            "tags.%": "1",
                            "tags.Name": "app-manraaj",
                            "tenancy": "default",
                            "user_data": "068af41b09eadd69e0e144533d9e4761a4d88c3c",
                            "volume_tags.%": "0",
                            "vpc_security_group_ids.#": "1",
                            "vpc_security_group_ids.1387656068": "sg-70d10c1d"
                        },
                        "meta": {
                            "e2bfb730-ecaa-11e6-8f88-34363bc7c4c0": {
                                "create": 600000000000,
                                "delete": 1200000000000,
                                "update": 600000000000
                            },
                            "schema_version": "1"
                        },
                        "tainted": false
                    },
                    "deposed": [],
                    "provider": "provider.aws"
                },
                "aws_route_table_association.public-manraaj": {
                    "type": "aws_route_table_association",
                    "depends_on": [
                        "aws_subnet.app-manraaj"
                    ],
                    "primary": {
                        "id": "rtbassoc-c0364caa",
                        "attributes": {
                            "id": "rtbassoc-c0364caa",
                            "route_table_id": "rtb-8e3314e5",
                            "subnet_id": "subnet-470e762c"
                        },
                        "meta": {},
                        "tainted": false
                    },
                    "deposed": [],
                    "provider": "provider.aws"
                },
                "aws_security_group.app-manraaj": {
                    "type": "aws_security_group",
                    "depends_on": [],
                    "primary": {
                        "id": "sg-70d10c1d",
                        "attributes": {
                            "description": "Allow all inbound traffic",
                            "egress.#": "1",
                            "egress.482069346.cidr_blocks.#": "1",
                            "egress.482069346.cidr_blocks.0": "0.0.0.0/0",
                            "egress.482069346.description": "",
                            "egress.482069346.from_port": "0",
                            "egress.482069346.ipv6_cidr_blocks.#": "0",
                            "egress.482069346.prefix_list_ids.#": "0",
                            "egress.482069346.protocol": "-1",
                            "egress.482069346.security_groups.#": "0",
                            "egress.482069346.self": "false",
                            "egress.482069346.to_port": "0",
                            "id": "sg-70d10c1d",
                            "ingress.#": "0",
                            "name": "app-manraaj",
                            "owner_id": "135928476890",
                            "revoke_rules_on_delete": "false",
                            "tags.%": "1",
                            "tags.Name": "app-manraaj",
                            "vpc_id": "vpc-d270cdb9"
                        },
                        "meta": {
                            "schema_version": "1"
                        },
                        "tainted": false
                    },
                    "deposed": [],
                    "provider": "provider.aws"
                },
                "aws_security_group_rule.rule": {
                    "type": "aws_security_group_rule",
                    "depends_on": [
                        "aws_security_group.app-manraaj"
                    ],
                    "primary": {
                        "id": "sgrule-1489038021",
                        "attributes": {
                            "cidr_blocks.#": "1",
                            "cidr_blocks.0": "0.0.0.0/0",
                            "from_port": "80",
                            "id": "sgrule-1489038021",
                            "protocol": "tcp",
                            "security_group_id": "sg-70d10c1d",
                            "self": "false",
                            "to_port": "80",
                            "type": "ingress"
                        },
                        "meta": {
                            "schema_version": "2"
                        },
                        "tainted": false
                    },
                    "deposed": [],
                    "provider": "provider.aws"
                },
                "aws_subnet.app-manraaj": {
                    "type": "aws_subnet",
                    "depends_on": [],
                    "primary": {
                        "id": "subnet-470e762c",
                        "attributes": {
                            "assign_ipv6_address_on_creation": "false",
                            "availability_zone": "eu-central-1a",
                            "cidr_block": "10.5.0.0/24",
                            "id": "subnet-470e762c",
                            "map_public_ip_on_launch": "true",
                            "tags.%": "1",
                            "tags.Name": "app-manraaj",
                            "vpc_id": "vpc-d270cdb9"
                        },
                        "meta": {
                            "schema_version": "1"
                        },
                        "tainted": false
                    },
                    "deposed": [],
                    "provider": "provider.aws"
                }
            },
            "depends_on": []
        },
        {
            "path": [
                "root",
                "db-tier"
            ],
            "outputs": {
                "id": {
                    "sensitive": false,
                    "type": "list",
                    "value": [
                        "i-08852fb4f0c9b49b2"
                    ]
                },
                "private_ip": {
                    "sensitive": false,
                    "type": "string",
                    "value": "10.5.1.158"
                },
                "security_app": {
                    "sensitive": false,
                    "type": "string",
                    "value": "sg-b8d10cd5"
                },
                "subnet": {
                    "sensitive": false,
                    "type": "string",
                    "value": "subnet-6c0d7507"
                },
                "subnet_cidr_block": {
                    "sensitive": false,
                    "type": "string",
                    "value": "10.5.1.0/24"
                }
            },
            "resources": {
                "aws_instance.app": {
                    "type": "aws_instance",
                    "depends_on": [
                        "aws_security_group.app-manraaj",
                        "aws_subnet.app-manraaj"
                    ],
                    "primary": {
                        "id": "i-08852fb4f0c9b49b2",
                        "attributes": {
                            "ami": "ami-3b761154",
                            "associate_public_ip_address": "false",
                            "availability_zone": "eu-central-1a",
                            "disable_api_termination": "false",
                            "ebs_block_device.#": "0",
                            "ebs_optimized": "false",
                            "ephemeral_block_device.#": "0",
                            "iam_instance_profile": "",
                            "id": "i-08852fb4f0c9b49b2",
                            "instance_state": "running",
                            "instance_type": "t2.micro",
                            "ipv6_addresses.#": "0",
                            "key_name": "",
                            "monitoring": "false",
                            "network_interface.#": "0",
                            "network_interface_id": "eni-584b900c",
                            "placement_group": "",
                            "primary_network_interface_id": "eni-584b900c",
                            "private_dns": "ip-10-5-1-158.eu-central-1.compute.internal",
                            "private_ip": "10.5.1.158",
                            "public_dns": "",
                            "public_ip": "",
                            "root_block_device.#": "1",
                            "root_block_device.0.delete_on_termination": "true",
                            "root_block_device.0.iops": "100",
                            "root_block_device.0.volume_id": "vol-0c6961d49752ddbc6",
                            "root_block_device.0.volume_size": "8",
                            "root_block_device.0.volume_type": "gp2",
                            "security_groups.#": "0",
                            "source_dest_check": "true",
                            "subnet_id": "subnet-6c0d7507",
                            "tags.%": "1",
                            "tags.Name": "db-manraaj",
                            "tenancy": "default",
                            "user_data": "da39a3ee5e6b4b0d3255bfef95601890afd80709",
                            "volume_tags.%": "0",
                            "vpc_security_group_ids.#": "1",
                            "vpc_security_group_ids.2805762098": "sg-b8d10cd5"
                        },
                        "meta": {
                            "e2bfb730-ecaa-11e6-8f88-34363bc7c4c0": {
                                "create": 600000000000,
                                "delete": 1200000000000,
                                "update": 600000000000
                            },
                            "schema_version": "1"
                        },
                        "tainted": false
                    },
                    "deposed": [],
                    "provider": "provider.aws"
                },
                "aws_route_table_association.public-manraaj": {
                    "type": "aws_route_table_association",
                    "depends_on": [
                        "aws_subnet.app-manraaj"
                    ],
                    "primary": {
                        "id": "rtbassoc-db374db1",
                        "attributes": {
                            "id": "rtbassoc-db374db1",
                            "route_table_id": "rtb-8c3413e7",
                            "subnet_id": "subnet-6c0d7507"
                        },
                        "meta": {},
                        "tainted": false
                    },
                    "deposed": [],
                    "provider": "provider.aws"
                },
                "aws_security_group.app-manraaj": {
                    "type": "aws_security_group",
                    "depends_on": [],
                    "primary": {
                        "id": "sg-b8d10cd5",
                        "attributes": {
                            "description": "Allow all inbound traffic",
                            "egress.#": "1",
                            "egress.482069346.cidr_blocks.#": "1",
                            "egress.482069346.cidr_blocks.0": "0.0.0.0/0",
                            "egress.482069346.description": "",
                            "egress.482069346.from_port": "0",
                            "egress.482069346.ipv6_cidr_blocks.#": "0",
                            "egress.482069346.prefix_list_ids.#": "0",
                            "egress.482069346.protocol": "-1",
                            "egress.482069346.security_groups.#": "0",
                            "egress.482069346.self": "false",
                            "egress.482069346.to_port": "0",
                            "id": "sg-b8d10cd5",
                            "ingress.#": "0",
                            "name": "db-manraaj",
                            "owner_id": "135928476890",
                            "revoke_rules_on_delete": "false",
                            "tags.%": "1",
                            "tags.Name": "db-manraaj",
                            "vpc_id": "vpc-d270cdb9"
                        },
                        "meta": {
                            "schema_version": "1"
                        },
                        "tainted": false
                    },
                    "deposed": [],
                    "provider": "provider.aws"
                },
                "aws_security_group_rule.rule": {
                    "type": "aws_security_group_rule",
                    "depends_on": [
                        "aws_security_group.app-manraaj"
                    ],
                    "primary": {
                        "id": "sgrule-4252562939",
                        "attributes": {
                            "cidr_blocks.#": "1",
                            "cidr_blocks.0": "10.5.0.0/24",
                            "from_port": "27017",
                            "id": "sgrule-4252562939",
                            "protocol": "tcp",
                            "security_group_id": "sg-b8d10cd5",
                            "self": "false",
                            "to_port": "27017",
                            "type": "ingress"
                        },
                        "meta": {
                            "schema_version": "2"
                        },
                        "tainted": false
                    },
                    "deposed": [],
                    "provider": "provider.aws"
                },
                "aws_subnet.app-manraaj": {
                    "type": "aws_subnet",
                    "depends_on": [],
                    "primary": {
                        "id": "subnet-6c0d7507",
                        "attributes": {
                            "assign_ipv6_address_on_creation": "false",
                            "availability_zone": "eu-central-1a",
                            "cidr_block": "10.5.1.0/24",
                            "id": "subnet-6c0d7507",
                            "map_public_ip_on_launch": "false",
                            "tags.%": "1",
                            "tags.Name": "db-manraaj",
                            "vpc_id": "vpc-d270cdb9"
                        },
                        "meta": {
                            "schema_version": "1"
                        },
                        "tainted": false
                    },
                    "deposed": [],
                    "provider": "provider.aws"
                }
            },
            "depends_on": []
        }
    ]
}
