{
    "version": 3,
    "terraform_version": "0.11.3",
    "serial": 40,
    "lineage": "c011c245-add6-4dac-bae1-f53b012e04f4",
    "modules": [
        {
            "path": [
                "root"
            ],
            "outputs": {},
            "resources": {
                "aws_internet_gateway.app-manraaj-igw": {
                    "type": "aws_internet_gateway",
                    "depends_on": [
                        "aws_vpc.main"
                    ],
                    "primary": {
                        "id": "igw-c7ae37af",
                        "attributes": {
                            "id": "igw-c7ae37af",
                            "tags.%": "1",
                            "tags.Name": "app-manraaj-igw",
                            "vpc_id": "vpc-3f9a3954"
                        },
                        "meta": {},
                        "tainted": false
                    },
                    "deposed": [],
                    "provider": "provider.aws"
                },
                "aws_route_table.public-manraaj": {
                    "type": "aws_route_table",
                    "depends_on": [
                        "aws_internet_gateway.app-manraaj-igw",
                        "aws_vpc.main"
                    ],
                    "primary": {
                        "id": "rtb-61b3fb0a",
                        "attributes": {
                            "id": "rtb-61b3fb0a",
                            "propagating_vgws.#": "0",
                            "route.#": "1",
                            "route.3210752648.cidr_block": "0.0.0.0/0",
                            "route.3210752648.egress_only_gateway_id": "",
                            "route.3210752648.gateway_id": "igw-c7ae37af",
                            "route.3210752648.instance_id": "",
                            "route.3210752648.ipv6_cidr_block": "",
                            "route.3210752648.nat_gateway_id": "",
                            "route.3210752648.network_interface_id": "",
                            "route.3210752648.vpc_peering_connection_id": "",
                            "tags.%": "1",
                            "tags.Name": "public-manraaj",
                            "vpc_id": "vpc-3f9a3954"
                        },
                        "meta": {},
                        "tainted": false
                    },
                    "deposed": [],
                    "provider": "provider.aws"
                },
                "aws_vpc.main": {
                    "type": "aws_vpc",
                    "depends_on": [],
                    "primary": {
                        "id": "vpc-3f9a3954",
                        "attributes": {
                            "assign_generated_ipv6_cidr_block": "false",
                            "cidr_block": "10.5.0.0/16",
                            "default_network_acl_id": "acl-fd2c5996",
                            "default_route_table_id": "rtb-22b2fa49",
                            "default_security_group_id": "sg-87e408ea",
                            "dhcp_options_id": "dopt-763e381f",
                            "enable_dns_hostnames": "false",
                            "enable_dns_support": "true",
                            "id": "vpc-3f9a3954",
                            "instance_tenancy": "default",
                            "main_route_table_id": "rtb-22b2fa49",
                            "tags.%": "1",
                            "tags.Name": "VPC-Manraaj"
                        },
                        "meta": {
                            "schema_version": "1"
                        },
                        "tainted": false
                    },
                    "deposed": [],
                    "provider": "provider.aws"
                },
                "data.template_file.app_init": {
                    "type": "template_file",
                    "depends_on": [
                        "module.db-tier"
                    ],
                    "primary": {
                        "id": "ca19a20be4c5543a4f20695ae3bad2e46aa786add3b33b5bd73abca4763c9b94",
                        "attributes": {
                            "id": "ca19a20be4c5543a4f20695ae3bad2e46aa786add3b33b5bd73abca4763c9b94",
                            "rendered": "#!/bin/bash\n\ncd /home/ubuntu/app\nexport DB_HOST=mongodb://10.5.1.84:27017\nnode app.js",
                            "template": "#!/bin/bash\n\ncd /home/ubuntu/app\nexport DB_HOST=mongodb://${db_ip}:27017\nnode app.js",
                            "vars.%": "1",
                            "vars.db_ip": "10.5.1.84"
                        },
                        "meta": {},
                        "tainted": false
                    },
                    "deposed": [],
                    "provider": "provider.template"
                }
            },
            "depends_on": []
        },
        {
            "path": [
                "root",
                "app-tier"
            ],
            "outputs": {
                "private_ip": {
                    "sensitive": false,
                    "type": "string",
                    "value": "10.5.0.244"
                },
                "subnet_cidr_block": {
                    "sensitive": false,
                    "type": "string",
                    "value": "10.5.0.0/24"
                }
            },
            "resources": {
                "aws_instance.app": {
                    "type": "aws_instance",
                    "depends_on": [
                        "aws_security_group.app-manraaj",
                        "aws_subnet.app-manraaj"
                    ],
                    "primary": {
                        "id": "i-0643f8e01908f9f2a",
                        "attributes": {
                            "ami": "ami-bac3a7d5",
                            "associate_public_ip_address": "true",
                            "availability_zone": "eu-central-1c",
                            "disable_api_termination": "false",
                            "ebs_block_device.#": "0",
                            "ebs_optimized": "false",
                            "ephemeral_block_device.#": "0",
                            "iam_instance_profile": "",
                            "id": "i-0643f8e01908f9f2a",
                            "instance_state": "running",
                            "instance_type": "t2.micro",
                            "ipv6_addresses.#": "0",
                            "key_name": "",
                            "monitoring": "false",
                            "network_interface.#": "0",
                            "network_interface_id": "eni-e11cf1be",
                            "placement_group": "",
                            "primary_network_interface_id": "eni-e11cf1be",
                            "private_dns": "ip-10-5-0-244.eu-central-1.compute.internal",
                            "private_ip": "10.5.0.244",
                            "public_dns": "",
                            "public_ip": "18.194.175.49",
                            "root_block_device.#": "1",
                            "root_block_device.0.delete_on_termination": "true",
                            "root_block_device.0.iops": "100",
                            "root_block_device.0.volume_id": "vol-0e7fadb1440212d73",
                            "root_block_device.0.volume_size": "8",
                            "root_block_device.0.volume_type": "gp2",
                            "security_groups.#": "0",
                            "source_dest_check": "true",
                            "subnet_id": "subnet-99a129d4",
                            "tags.%": "1",
                            "tags.Name": "app-manraaj",
                            "tenancy": "default",
                            "user_data": "31d76661048496e99db495b9a2aaf9ad63cb69e7",
                            "volume_tags.%": "0",
                            "vpc_security_group_ids.#": "1",
                            "vpc_security_group_ids.1226220266": "sg-c8e509a5"
                        },
                        "meta": {
                            "e2bfb730-ecaa-11e6-8f88-34363bc7c4c0": {
                                "create": 600000000000,
                                "delete": 600000000000,
                                "update": 600000000000
                            },
                            "schema_version": "1"
                        },
                        "tainted": false
                    },
                    "deposed": [],
                    "provider": "provider.aws"
                },
                "aws_route_table_association.public-manraaj": {
                    "type": "aws_route_table_association",
                    "depends_on": [
                        "aws_subnet.app-manraaj"
                    ],
                    "primary": {
                        "id": "rtbassoc-8f2442e5",
                        "attributes": {
                            "id": "rtbassoc-8f2442e5",
                            "route_table_id": "rtb-61b3fb0a",
                            "subnet_id": "subnet-99a129d4"
                        },
                        "meta": {},
                        "tainted": false
                    },
                    "deposed": [],
                    "provider": "provider.aws"
                },
                "aws_security_group.app-manraaj": {
                    "type": "aws_security_group",
                    "depends_on": [],
                    "primary": {
                        "id": "sg-c8e509a5",
                        "attributes": {
                            "description": "Allow all inbound traffic",
                            "egress.#": "1",
                            "egress.482069346.cidr_blocks.#": "1",
                            "egress.482069346.cidr_blocks.0": "0.0.0.0/0",
                            "egress.482069346.description": "",
                            "egress.482069346.from_port": "0",
                            "egress.482069346.ipv6_cidr_blocks.#": "0",
                            "egress.482069346.prefix_list_ids.#": "0",
                            "egress.482069346.protocol": "-1",
                            "egress.482069346.security_groups.#": "0",
                            "egress.482069346.self": "false",
                            "egress.482069346.to_port": "0",
                            "id": "sg-c8e509a5",
                            "ingress.#": "0",
                            "name": "app-manraaj",
                            "owner_id": "135928476890",
                            "revoke_rules_on_delete": "false",
                            "tags.%": "1",
                            "tags.Name": "app-manraaj",
                            "vpc_id": "vpc-3f9a3954"
                        },
                        "meta": {
                            "schema_version": "1"
                        },
                        "tainted": false
                    },
                    "deposed": [],
                    "provider": "provider.aws"
                },
                "aws_security_group_rule.rule": {
                    "type": "aws_security_group_rule",
                    "depends_on": [
                        "aws_security_group.app-manraaj"
                    ],
                    "primary": {
                        "id": "sgrule-752748241",
                        "attributes": {
                            "cidr_blocks.#": "1",
                            "cidr_blocks.0": "0.0.0.0/0",
                            "from_port": "80",
                            "id": "sgrule-752748241",
                            "protocol": "tcp",
                            "security_group_id": "sg-c8e509a5",
                            "self": "false",
                            "to_port": "80",
                            "type": "ingress"
                        },
                        "meta": {
                            "schema_version": "2"
                        },
                        "tainted": false
                    },
                    "deposed": [],
                    "provider": "provider.aws"
                },
                "aws_subnet.app-manraaj": {
                    "type": "aws_subnet",
                    "depends_on": [],
                    "primary": {
                        "id": "subnet-99a129d4",
                        "attributes": {
                            "assign_ipv6_address_on_creation": "false",
                            "availability_zone": "eu-central-1c",
                            "cidr_block": "10.5.0.0/24",
                            "id": "subnet-99a129d4",
                            "map_public_ip_on_launch": "true",
                            "tags.%": "1",
                            "tags.Name": "app-manraaj",
                            "vpc_id": "vpc-3f9a3954"
                        },
                        "meta": {
                            "schema_version": "1"
                        },
                        "tainted": false
                    },
                    "deposed": [],
                    "provider": "provider.aws"
                }
            },
            "depends_on": []
        },
        {
            "path": [
                "root",
                "db-tier"
            ],
            "outputs": {
                "private_ip": {
                    "sensitive": false,
                    "type": "string",
                    "value": "10.5.1.84"
                },
                "subnet_cidr_block": {
                    "sensitive": false,
                    "type": "string",
                    "value": "10.5.1.0/24"
                }
            },
            "resources": {
                "aws_instance.app": {
                    "type": "aws_instance",
                    "depends_on": [
                        "aws_security_group.app-manraaj",
                        "aws_subnet.app-manraaj"
                    ],
                    "primary": {
                        "id": "i-06bf112a0d89d60f8",
                        "attributes": {
                            "ami": "ami-3b761154",
                            "associate_public_ip_address": "false",
                            "availability_zone": "eu-central-1c",
                            "disable_api_termination": "false",
                            "ebs_block_device.#": "0",
                            "ebs_optimized": "false",
                            "ephemeral_block_device.#": "0",
                            "iam_instance_profile": "",
                            "id": "i-06bf112a0d89d60f8",
                            "instance_state": "running",
                            "instance_type": "t2.micro",
                            "ipv6_addresses.#": "0",
                            "key_name": "",
                            "monitoring": "false",
                            "network_interface.#": "0",
                            "network_interface_id": "eni-b002efef",
                            "placement_group": "",
                            "primary_network_interface_id": "eni-b002efef",
                            "private_dns": "ip-10-5-1-84.eu-central-1.compute.internal",
                            "private_ip": "10.5.1.84",
                            "public_dns": "",
                            "public_ip": "",
                            "root_block_device.#": "1",
                            "root_block_device.0.delete_on_termination": "true",
                            "root_block_device.0.iops": "100",
                            "root_block_device.0.volume_id": "vol-0fdb97cbd64f6999e",
                            "root_block_device.0.volume_size": "8",
                            "root_block_device.0.volume_type": "gp2",
                            "security_groups.#": "0",
                            "source_dest_check": "true",
                            "subnet_id": "subnet-1ba12956",
                            "tags.%": "1",
                            "tags.Name": "db-manraaj",
                            "tenancy": "default",
                            "user_data": "da39a3ee5e6b4b0d3255bfef95601890afd80709",
                            "volume_tags.%": "0",
                            "vpc_security_group_ids.#": "1",
                            "vpc_security_group_ids.3164894451": "sg-86e408eb"
                        },
                        "meta": {
                            "e2bfb730-ecaa-11e6-8f88-34363bc7c4c0": {
                                "create": 600000000000,
                                "delete": 600000000000,
                                "update": 600000000000
                            },
                            "schema_version": "1"
                        },
                        "tainted": false
                    },
                    "deposed": [],
                    "provider": "provider.aws"
                },
                "aws_route_table_association.public-manraaj": {
                    "type": "aws_route_table_association",
                    "depends_on": [
                        "aws_subnet.app-manraaj"
                    ],
                    "primary": {
                        "id": "rtbassoc-4024422a",
                        "attributes": {
                            "id": "rtbassoc-4024422a",
                            "route_table_id": "rtb-22b2fa49",
                            "subnet_id": "subnet-1ba12956"
                        },
                        "meta": {},
                        "tainted": false
                    },
                    "deposed": [],
                    "provider": "provider.aws"
                },
                "aws_security_group.app-manraaj": {
                    "type": "aws_security_group",
                    "depends_on": [],
                    "primary": {
                        "id": "sg-86e408eb",
                        "attributes": {
                            "description": "Allow all inbound traffic",
                            "egress.#": "1",
                            "egress.482069346.cidr_blocks.#": "1",
                            "egress.482069346.cidr_blocks.0": "0.0.0.0/0",
                            "egress.482069346.description": "",
                            "egress.482069346.from_port": "0",
                            "egress.482069346.ipv6_cidr_blocks.#": "0",
                            "egress.482069346.prefix_list_ids.#": "0",
                            "egress.482069346.protocol": "-1",
                            "egress.482069346.security_groups.#": "0",
                            "egress.482069346.self": "false",
                            "egress.482069346.to_port": "0",
                            "id": "sg-86e408eb",
                            "ingress.#": "0",
                            "name": "db-manraaj",
                            "owner_id": "135928476890",
                            "revoke_rules_on_delete": "false",
                            "tags.%": "1",
                            "tags.Name": "db-manraaj",
                            "vpc_id": "vpc-3f9a3954"
                        },
                        "meta": {
                            "schema_version": "1"
                        },
                        "tainted": false
                    },
                    "deposed": [],
                    "provider": "provider.aws"
                },
                "aws_security_group_rule.rule": {
                    "type": "aws_security_group_rule",
                    "depends_on": [
                        "aws_security_group.app-manraaj"
                    ],
                    "primary": {
                        "id": "sgrule-1305415916",
                        "attributes": {
                            "cidr_blocks.#": "1",
                            "cidr_blocks.0": "10.5.0.0/24",
                            "from_port": "27017",
                            "id": "sgrule-1305415916",
                            "protocol": "tcp",
                            "security_group_id": "sg-86e408eb",
                            "self": "false",
                            "to_port": "27017",
                            "type": "ingress"
                        },
                        "meta": {
                            "schema_version": "2"
                        },
                        "tainted": false
                    },
                    "deposed": [],
                    "provider": "provider.aws"
                },
                "aws_subnet.app-manraaj": {
                    "type": "aws_subnet",
                    "depends_on": [],
                    "primary": {
                        "id": "subnet-1ba12956",
                        "attributes": {
                            "assign_ipv6_address_on_creation": "false",
                            "availability_zone": "eu-central-1c",
                            "cidr_block": "10.5.1.0/24",
                            "id": "subnet-1ba12956",
                            "map_public_ip_on_launch": "false",
                            "tags.%": "1",
                            "tags.Name": "db-manraaj",
                            "vpc_id": "vpc-3f9a3954"
                        },
                        "meta": {
                            "schema_version": "1"
                        },
                        "tainted": false
                    },
                    "deposed": [],
                    "provider": "provider.aws"
                }
            },
            "depends_on": []
        }
    ]
}
